
Microsoft Visual Studio Solution File, Format Version 12.00
# Visual Studio 14
VisualStudioVersion = 14.0.25420.1
MinimumVisualStudioVersion = 10.0.40219.1
Project("{2150E333-8FDC-42A3-9474-1A3956D46DE8}") = "Module", "Module", "{FC1AB387-4675-4C47-823E-FA3D66401100}"
EndProject
Project("{2150E333-8FDC-42A3-9474-1A3956D46DE8}") = "View", "View", "{AB2117E3-8D4D-4DB0-AA40-3915A69BE607}"
EndProject
Project("{2150E333-8FDC-42A3-9474-1A3956D46DE8}") = "_framework", "_framework", "{DFD07B38-FF95-429E-92B3-4D5B189990A7}"
EndProject
Project("{FAE04EC0-301F-11D3-BF4B-00C04F79EFBC}") = "_Model", "_Model\_Model.csproj", "{380DAB45-CB5A-4518-8CE2-75744EBC74E4}"
EndProject
Project("{FAE04EC0-301F-11D3-BF4B-00C04F79EFBC}") = "_Common", "_Common\_Common.csproj", "{D84401ED-191C-424E-B204-F7AA703AFF55}"
EndProject
Project("{FAE04EC0-301F-11D3-BF4B-00C04F79EFBC}") = "_BLL", "_BLL\_BLL.csproj", "{2C0DDB65-AD17-46C2-95FD-C3B66B2CDE73}"
EndProject
Project("{FAE04EC0-301F-11D3-BF4B-00C04F79EFBC}") = "_DAL", "_DAL\_DAL.csproj", "{05863CF1-EC54-4B8F-B05F-CCDCFF6353D8}"
EndProject
Project("{FAE04EC0-301F-11D3-BF4B-00C04F79EFBC}") = "_DBUtility", "_DBUtility\_DBUtility.csproj", "{6E455173-02E7-4D6A-9E91-FBB167B120E3}"
EndProject
Project("{2150E333-8FDC-42A3-9474-1A3956D46DE8}") = "Site", "Site", "{40D848BD-6927-4001-BF2B-E783A00E6F08}"
EndProject
Project("{2150E333-8FDC-42A3-9474-1A3956D46DE8}") = "Winform", "Winform", "{3D05BD0F-01B0-4610-9D5C-3A16AE5804C5}"
EndProject
Project("{FAE04EC0-301F-11D3-BF4B-00C04F79EFBC}") = "Solder_Response_WinFrm", "Solder_Response_WinFrm\Solder_Response_WinFrm.csproj", "{E93F5003-024F-4BBA-BE0C-9994F872C4FA}"
EndProject
Project("{FAE04EC0-301F-11D3-BF4B-00C04F79EFBC}") = "Solder_Request_WinFrm", "Solder_Request_WinFrm\Solder_Request_WinFrm.csproj", "{2CD04216-B5C2-45D6-A8EF-9B3DFDE3B008}"
EndProject
Project("{FAE04EC0-301F-11D3-BF4B-00C04F79EFBC}") = "SolderPasteShow_Web", "SolderPasteShow_Web\SolderPasteShow_Web.csproj", "{DE7A6B7F-CA69-4078-8A99-22E0AE382B67}"
EndProject
Project("{2150E333-8FDC-42A3-9474-1A3956D46DE8}") = "WebSocket", "WebSocket", "{EDA80A37-A573-4320-9B12-CEB31FD0CD6D}"
EndProject
Project("{FAE04EC0-301F-11D3-BF4B-00C04F79EFBC}") = "websocket-sharp", "websocket-sharp\websocket-sharp.csproj", "{1CF32DEC-4C34-48E2-84DB-65C9827AE5B4}"
EndProject
Global
	GlobalSection(SolutionConfigurationPlatforms) = preSolution
		Debug|Any CPU = Debug|Any CPU
		Release|Any CPU = Release|Any CPU
	EndGlobalSection
	GlobalSection(ProjectConfigurationPlatforms) = postSolution
		{380DAB45-CB5A-4518-8CE2-75744EBC74E4}.Debug|Any CPU.ActiveCfg = Debug|Any CPU
		{380DAB45-CB5A-4518-8CE2-75744EBC74E4}.Debug|Any CPU.Build.0 = Debug|Any CPU
		{380DAB45-CB5A-4518-8CE2-75744EBC74E4}.Release|Any CPU.ActiveCfg = Release|Any CPU
		{380DAB45-CB5A-4518-8CE2-75744EBC74E4}.Release|Any CPU.Build.0 = Release|Any CPU
		{D84401ED-191C-424E-B204-F7AA703AFF55}.Debug|Any CPU.ActiveCfg = Debug|Any CPU
		{D84401ED-191C-424E-B204-F7AA703AFF55}.Debug|Any CPU.Build.0 = Debug|Any CPU
		{D84401ED-191C-424E-B204-F7AA703AFF55}.Release|Any CPU.ActiveCfg = Release|Any CPU
		{D84401ED-191C-424E-B204-F7AA703AFF55}.Release|Any CPU.Build.0 = Release|Any CPU
		{2C0DDB65-AD17-46C2-95FD-C3B66B2CDE73}.Debug|Any CPU.ActiveCfg = Debug|Any CPU
		{2C0DDB65-AD17-46C2-95FD-C3B66B2CDE73}.Debug|Any CPU.Build.0 = Debug|Any CPU
		{2C0DDB65-AD17-46C2-95FD-C3B66B2CDE73}.Release|Any CPU.ActiveCfg = Release|Any CPU
		{2C0DDB65-AD17-46C2-95FD-C3B66B2CDE73}.Release|Any CPU.Build.0 = Release|Any CPU
		{05863CF1-EC54-4B8F-B05F-CCDCFF6353D8}.Debug|Any CPU.ActiveCfg = Debug|Any CPU
		{05863CF1-EC54-4B8F-B05F-CCDCFF6353D8}.Debug|Any CPU.Build.0 = Debug|Any CPU
		{05863CF1-EC54-4B8F-B05F-CCDCFF6353D8}.Release|Any CPU.ActiveCfg = Release|Any CPU
		{05863CF1-EC54-4B8F-B05F-CCDCFF6353D8}.Release|Any CPU.Build.0 = Release|Any CPU
		{6E455173-02E7-4D6A-9E91-FBB167B120E3}.Debug|Any CPU.ActiveCfg = Debug|Any CPU
		{6E455173-02E7-4D6A-9E91-FBB167B120E3}.Debug|Any CPU.Build.0 = Debug|Any CPU
		{6E455173-02E7-4D6A-9E91-FBB167B120E3}.Release|Any CPU.ActiveCfg = Release|Any CPU
		{6E455173-02E7-4D6A-9E91-FBB167B120E3}.Release|Any CPU.Build.0 = Release|Any CPU
		{E93F5003-024F-4BBA-BE0C-9994F872C4FA}.Debug|Any CPU.ActiveCfg = Debug|Any CPU
		{E93F5003-024F-4BBA-BE0C-9994F872C4FA}.Debug|Any CPU.Build.0 = Debug|Any CPU
		{E93F5003-024F-4BBA-BE0C-9994F872C4FA}.Release|Any CPU.ActiveCfg = Release|Any CPU
		{E93F5003-024F-4BBA-BE0C-9994F872C4FA}.Release|Any CPU.Build.0 = Release|Any CPU
		{2CD04216-B5C2-45D6-A8EF-9B3DFDE3B008}.Debug|Any CPU.ActiveCfg = Debug|Any CPU
		{2CD04216-B5C2-45D6-A8EF-9B3DFDE3B008}.Debug|Any CPU.Build.0 = Debug|Any CPU
		{2CD04216-B5C2-45D6-A8EF-9B3DFDE3B008}.Release|Any CPU.ActiveCfg = Release|Any CPU
		{2CD04216-B5C2-45D6-A8EF-9B3DFDE3B008}.Release|Any CPU.Build.0 = Release|Any CPU
		{DE7A6B7F-CA69-4078-8A99-22E0AE382B67}.Debug|Any CPU.ActiveCfg = Debug|Any CPU
		{DE7A6B7F-CA69-4078-8A99-22E0AE382B67}.Debug|Any CPU.Build.0 = Debug|Any CPU
		{DE7A6B7F-CA69-4078-8A99-22E0AE382B67}.Release|Any CPU.ActiveCfg = Release|Any CPU
		{DE7A6B7F-CA69-4078-8A99-22E0AE382B67}.Release|Any CPU.Build.0 = Release|Any CPU
		{1CF32DEC-4C34-48E2-84DB-65C9827AE5B4}.Debug|Any CPU.ActiveCfg = Debug|Any CPU
		{1CF32DEC-4C34-48E2-84DB-65C9827AE5B4}.Debug|Any CPU.Build.0 = Debug|Any CPU
		{1CF32DEC-4C34-48E2-84DB-65C9827AE5B4}.Release|Any CPU.ActiveCfg = Release|Any CPU
		{1CF32DEC-4C34-48E2-84DB-65C9827AE5B4}.Release|Any CPU.Build.0 = Release|Any CPU
	EndGlobalSection
	GlobalSection(SolutionProperties) = preSolution
		HideSolutionNode = FALSE
	EndGlobalSection
	GlobalSection(NestedProjects) = preSolution
		{380DAB45-CB5A-4518-8CE2-75744EBC74E4} = {FC1AB387-4675-4C47-823E-FA3D66401100}
		{D84401ED-191C-424E-B204-F7AA703AFF55} = {DFD07B38-FF95-429E-92B3-4D5B189990A7}
		{2C0DDB65-AD17-46C2-95FD-C3B66B2CDE73} = {FC1AB387-4675-4C47-823E-FA3D66401100}
		{05863CF1-EC54-4B8F-B05F-CCDCFF6353D8} = {FC1AB387-4675-4C47-823E-FA3D66401100}
		{6E455173-02E7-4D6A-9E91-FBB167B120E3} = {FC1AB387-4675-4C47-823E-FA3D66401100}
		{3D05BD0F-01B0-4610-9D5C-3A16AE5804C5} = {AB2117E3-8D4D-4DB0-AA40-3915A69BE607}
		{E93F5003-024F-4BBA-BE0C-9994F872C4FA} = {3D05BD0F-01B0-4610-9D5C-3A16AE5804C5}
		{2CD04216-B5C2-45D6-A8EF-9B3DFDE3B008} = {3D05BD0F-01B0-4610-9D5C-3A16AE5804C5}
		{DE7A6B7F-CA69-4078-8A99-22E0AE382B67} = {40D848BD-6927-4001-BF2B-E783A00E6F08}
		{1CF32DEC-4C34-48E2-84DB-65C9827AE5B4} = {EDA80A37-A573-4320-9B12-CEB31FD0CD6D}
	EndGlobalSection
	GlobalSection(ExtensibilityGlobals) = postSolution
		SolutionGuid = {8243636E-DA7F-46C6-B3AB-B1A4580ABEF1}
		VisualSVNWorkingCopyRoot = .
	EndGlobalSection
EndGlobal
